
Microsoft Visual Studio Solution File, Format Version 12.00
Project("{FAE04EC0-301F-11D3-BF4B-00C04F79EFBC}") = "TimeLogging", "TimeLogging\TimeLogging.csproj", "{DAA0CE39-E027-4646-AD8D-1B788F401D56}"
EndProject
Project("{FAE04EC0-301F-11D3-BF4B-00C04F79EFBC}") = "TimeLogging.Grpc", "TimeLogging.Grpc\TimeLogging.Grpc.csproj", "{A0178D93-24B7-43AF-867D-958B1ED6F9B6}"
EndProject
Project("{FAE04EC0-301F-11D3-BF4B-00C04F79EFBC}") = "TimeLogging.TestServer", "TimeLogging.TestServer\TimeLogging.TestServer.csproj", "{E973E6B9-E6F6-414D-90CA-4787622BC2C6}"
EndProject
Global
	GlobalSection(SolutionConfigurationPlatforms) = preSolution
		Debug|Any CPU = Debug|Any CPU
		Release|Any CPU = Release|Any CPU
	EndGlobalSection
	GlobalSection(ProjectConfigurationPlatforms) = postSolution
		{DAA0CE39-E027-4646-AD8D-1B788F401D56}.Debug|Any CPU.ActiveCfg = Debug|Any CPU
		{DAA0CE39-E027-4646-AD8D-1B788F401D56}.Debug|Any CPU.Build.0 = Debug|Any CPU
		{DAA0CE39-E027-4646-AD8D-1B788F401D56}.Release|Any CPU.ActiveCfg = Release|Any CPU
		{DAA0CE39-E027-4646-AD8D-1B788F401D56}.Release|Any CPU.Build.0 = Release|Any CPU
		{A0178D93-24B7-43AF-867D-958B1ED6F9B6}.Debug|Any CPU.ActiveCfg = Debug|Any CPU
		{A0178D93-24B7-43AF-867D-958B1ED6F9B6}.Debug|Any CPU.Build.0 = Debug|Any CPU
		{A0178D93-24B7-43AF-867D-958B1ED6F9B6}.Release|Any CPU.ActiveCfg = Release|Any CPU
		{A0178D93-24B7-43AF-867D-958B1ED6F9B6}.Release|Any CPU.Build.0 = Release|Any CPU
		{E973E6B9-E6F6-414D-90CA-4787622BC2C6}.Debug|Any CPU.ActiveCfg = Debug|Any CPU
		{E973E6B9-E6F6-414D-90CA-4787622BC2C6}.Debug|Any CPU.Build.0 = Debug|Any CPU
		{E973E6B9-E6F6-414D-90CA-4787622BC2C6}.Release|Any CPU.ActiveCfg = Release|Any CPU
		{E973E6B9-E6F6-414D-90CA-4787622BC2C6}.Release|Any CPU.Build.0 = Release|Any CPU
	EndGlobalSection
EndGlobal
